
Microsoft Visual Studio Solution File, Format Version 12.00
# Visual Studio Version 17
VisualStudioVersion = 17.11.35222.181
MinimumVisualStudioVersion = 10.0.40219.1
Project("{FAE04EC0-301F-11D3-BF4B-00C04F79EFBC}") = "SerialPortToolBiliBili", "SerialPortToolBiliBili\SerialPortToolBiliBili.csproj", "{3FC3E199-750D-4977-926A-8AA8075C4FF3}"
EndProject
Global
	GlobalSection(SolutionConfigurationPlatforms) = preSolution
		Debug|Any CPU = Debug|Any CPU
		Release|Any CPU = Release|Any CPU
	EndGlobalSection
	GlobalSection(ProjectConfigurationPlatforms) = postSolution
		{3FC3E199-750D-4977-926A-8AA8075C4FF3}.Debug|Any CPU.ActiveCfg = Debug|Any CPU
		{3FC3E199-750D-4977-926A-8AA8075C4FF3}.Debug|Any CPU.Build.0 = Debug|Any CPU
		{3FC3E199-750D-4977-926A-8AA8075C4FF3}.Release|Any CPU.ActiveCfg = Release|Any CPU
		{3FC3E199-750D-4977-926A-8AA8075C4FF3}.Release|Any CPU.Build.0 = Release|Any CPU
	EndGlobalSection
	GlobalSection(SolutionProperties) = preSolution
		HideSolutionNode = FALSE
	EndGlobalSection
	GlobalSection(ExtensibilityGlobals) = postSolution
		SolutionGuid = {33895BF7-F8AC-46F5-B744-FF50170D4425}
	EndGlobalSection
EndGlobal
